
Microsoft Visual Studio Solution File, Format Version 12.00
# Visual Studio Version 17
VisualStudioVersion = 17.9.34723.18
MinimumVisualStudioVersion = 10.0.40219.1
Project("{2150E333-8FDC-42A3-9474-1A3956D46DE8}") = "src", "src", "{6EF549FF-6D9B-4E87-904E-73CE610A58B6}"
EndProject
Project("{2150E333-8FDC-42A3-9474-1A3956D46DE8}") = "UI", "UI", "{751B1E99-7BDF-4E40-9981-89AC5B43B943}"
EndProject
Project("{2150E333-8FDC-42A3-9474-1A3956D46DE8}") = "API", "API", "{38615C9E-F0BB-4AB3-8FC2-4D6BF7E8EBBA}"
EndProject
Project("{2150E333-8FDC-42A3-9474-1A3956D46DE8}") = "Core", "Core", "{C68720A1-C5D2-4477-894C-52FEA2437BCA}"
EndProject
Project("{2150E333-8FDC-42A3-9474-1A3956D46DE8}") = "Infrastructure", "Infrastructure", "{3F099601-567B-4A01-9E78-FB37816A4843}"
EndProject
Project("{9A19103F-16F7-4668-BE54-9A1E7A4F7556}") = "Ecommerce.Management.Domain", "Ecommerce.Management.Domain\Ecommerce.Management.Domain.csproj", "{51E48FBB-BDA0-451A-93F3-EA7B14E8A0B9}"
EndProject
Project("{9A19103F-16F7-4668-BE54-9A1E7A4F7556}") = "Ecommerce.Management.API", "Ecommerce.Management.API\Ecommerce.Management.API.csproj", "{665EBCE7-98A1-4C32-B9F4-B131405051FA}"
EndProject
Project("{9A19103F-16F7-4668-BE54-9A1E7A4F7556}") = "Ecommerce.Management.Application", "Ecommerce.Mamagement.Application\Ecommerce.Management.Application.csproj", "{33736EB4-3D3E-459F-88FD-67FB62773162}"
EndProject
Project("{9A19103F-16F7-4668-BE54-9A1E7A4F7556}") = "BookingManagement.Persistence", "BookingManagement.Persistence\BookingManagement.Persistence.csproj", "{24D5EB00-D5FD-4C17-A387-B3A64337B46B}"
EndProject
Project("{FAE04EC0-301F-11D3-BF4B-00C04F79EFBC}") = "Ecommerce.Management.Infrastructure", "Ecommerce.Management.Infrastructure\Ecommerce.Management.Infrastructure.csproj", "{00B56AFD-2FF3-4D98-A8D6-3CBA77477FE6}"
EndProject
Global
	GlobalSection(SolutionConfigurationPlatforms) = preSolution
		Debug|Any CPU = Debug|Any CPU
		Release|Any CPU = Release|Any CPU
	EndGlobalSection
	GlobalSection(ProjectConfigurationPlatforms) = postSolution
		{51E48FBB-BDA0-451A-93F3-EA7B14E8A0B9}.Debug|Any CPU.ActiveCfg = Debug|Any CPU
		{51E48FBB-BDA0-451A-93F3-EA7B14E8A0B9}.Debug|Any CPU.Build.0 = Debug|Any CPU
		{51E48FBB-BDA0-451A-93F3-EA7B14E8A0B9}.Release|Any CPU.ActiveCfg = Release|Any CPU
		{51E48FBB-BDA0-451A-93F3-EA7B14E8A0B9}.Release|Any CPU.Build.0 = Release|Any CPU
		{665EBCE7-98A1-4C32-B9F4-B131405051FA}.Debug|Any CPU.ActiveCfg = Debug|Any CPU
		{665EBCE7-98A1-4C32-B9F4-B131405051FA}.Debug|Any CPU.Build.0 = Debug|Any CPU
		{665EBCE7-98A1-4C32-B9F4-B131405051FA}.Release|Any CPU.ActiveCfg = Release|Any CPU
		{665EBCE7-98A1-4C32-B9F4-B131405051FA}.Release|Any CPU.Build.0 = Release|Any CPU
		{33736EB4-3D3E-459F-88FD-67FB62773162}.Debug|Any CPU.ActiveCfg = Debug|Any CPU
		{33736EB4-3D3E-459F-88FD-67FB62773162}.Debug|Any CPU.Build.0 = Debug|Any CPU
		{33736EB4-3D3E-459F-88FD-67FB62773162}.Release|Any CPU.ActiveCfg = Release|Any CPU
		{33736EB4-3D3E-459F-88FD-67FB62773162}.Release|Any CPU.Build.0 = Release|Any CPU
		{24D5EB00-D5FD-4C17-A387-B3A64337B46B}.Debug|Any CPU.ActiveCfg = Debug|Any CPU
		{24D5EB00-D5FD-4C17-A387-B3A64337B46B}.Debug|Any CPU.Build.0 = Debug|Any CPU
		{24D5EB00-D5FD-4C17-A387-B3A64337B46B}.Release|Any CPU.ActiveCfg = Release|Any CPU
		{24D5EB00-D5FD-4C17-A387-B3A64337B46B}.Release|Any CPU.Build.0 = Release|Any CPU
		{00B56AFD-2FF3-4D98-A8D6-3CBA77477FE6}.Debug|Any CPU.ActiveCfg = Debug|Any CPU
		{00B56AFD-2FF3-4D98-A8D6-3CBA77477FE6}.Debug|Any CPU.Build.0 = Debug|Any CPU
		{00B56AFD-2FF3-4D98-A8D6-3CBA77477FE6}.Release|Any CPU.ActiveCfg = Release|Any CPU
		{00B56AFD-2FF3-4D98-A8D6-3CBA77477FE6}.Release|Any CPU.Build.0 = Release|Any CPU
	EndGlobalSection
	GlobalSection(SolutionProperties) = preSolution
		HideSolutionNode = FALSE
	EndGlobalSection
	GlobalSection(NestedProjects) = preSolution
		{751B1E99-7BDF-4E40-9981-89AC5B43B943} = {6EF549FF-6D9B-4E87-904E-73CE610A58B6}
		{38615C9E-F0BB-4AB3-8FC2-4D6BF7E8EBBA} = {6EF549FF-6D9B-4E87-904E-73CE610A58B6}
		{C68720A1-C5D2-4477-894C-52FEA2437BCA} = {6EF549FF-6D9B-4E87-904E-73CE610A58B6}
		{3F099601-567B-4A01-9E78-FB37816A4843} = {6EF549FF-6D9B-4E87-904E-73CE610A58B6}
		{51E48FBB-BDA0-451A-93F3-EA7B14E8A0B9} = {C68720A1-C5D2-4477-894C-52FEA2437BCA}
		{665EBCE7-98A1-4C32-B9F4-B131405051FA} = {38615C9E-F0BB-4AB3-8FC2-4D6BF7E8EBBA}
		{33736EB4-3D3E-459F-88FD-67FB62773162} = {C68720A1-C5D2-4477-894C-52FEA2437BCA}
		{24D5EB00-D5FD-4C17-A387-B3A64337B46B} = {3F099601-567B-4A01-9E78-FB37816A4843}
		{00B56AFD-2FF3-4D98-A8D6-3CBA77477FE6} = {3F099601-567B-4A01-9E78-FB37816A4843}
	EndGlobalSection
	GlobalSection(ExtensibilityGlobals) = postSolution
		SolutionGuid = {48827A39-7BE7-4611-B16E-0ECE9C13D710}
	EndGlobalSection
EndGlobal
